
Microsoft Visual Studio Solution File, Format Version 12.00
# Visual Studio Version 17
VisualStudioVersion = 17.8.34525.116
MinimumVisualStudioVersion = 10.0.40219.1
Project("{9A19103F-16F7-4668-BE54-9A1E7A4F7556}") = "Variables", "Variables\Variables.csproj", "{F0BB8ECD-AC0F-4AF8-9D01-64DD26B90E2F}"
EndProject
Project("{FAE04EC0-301F-11D3-BF4B-00C04F79EFBC}") = "Intercambio", "Intercambio\Intercambio.csproj", "{0C588241-5D11-4EE9-A7F9-749FABCBB009}"
EndProject
Project("{FAE04EC0-301F-11D3-BF4B-00C04F79EFBC}") = "Condisionales", "Bucle\Condisionales.csproj", "{9AD2E658-99BA-40D3-A199-42E0AC0394A2}"
EndProject
Project("{FAE04EC0-301F-11D3-BF4B-00C04F79EFBC}") = "BucleFor", "BucleFor\BucleFor.csproj", "{5BF0A713-C15D-4CCB-A56B-385C657A184E}"
EndProject
Global
	GlobalSection(SolutionConfigurationPlatforms) = preSolution
		Debug|Any CPU = Debug|Any CPU
		Release|Any CPU = Release|Any CPU
	EndGlobalSection
	GlobalSection(ProjectConfigurationPlatforms) = postSolution
		{F0BB8ECD-AC0F-4AF8-9D01-64DD26B90E2F}.Debug|Any CPU.ActiveCfg = Debug|Any CPU
		{F0BB8ECD-AC0F-4AF8-9D01-64DD26B90E2F}.Debug|Any CPU.Build.0 = Debug|Any CPU
		{F0BB8ECD-AC0F-4AF8-9D01-64DD26B90E2F}.Release|Any CPU.ActiveCfg = Release|Any CPU
		{F0BB8ECD-AC0F-4AF8-9D01-64DD26B90E2F}.Release|Any CPU.Build.0 = Release|Any CPU
		{0C588241-5D11-4EE9-A7F9-749FABCBB009}.Debug|Any CPU.ActiveCfg = Debug|Any CPU
		{0C588241-5D11-4EE9-A7F9-749FABCBB009}.Debug|Any CPU.Build.0 = Debug|Any CPU
		{0C588241-5D11-4EE9-A7F9-749FABCBB009}.Release|Any CPU.ActiveCfg = Release|Any CPU
		{0C588241-5D11-4EE9-A7F9-749FABCBB009}.Release|Any CPU.Build.0 = Release|Any CPU
		{9AD2E658-99BA-40D3-A199-42E0AC0394A2}.Debug|Any CPU.ActiveCfg = Debug|Any CPU
		{9AD2E658-99BA-40D3-A199-42E0AC0394A2}.Debug|Any CPU.Build.0 = Debug|Any CPU
		{9AD2E658-99BA-40D3-A199-42E0AC0394A2}.Release|Any CPU.ActiveCfg = Release|Any CPU
		{9AD2E658-99BA-40D3-A199-42E0AC0394A2}.Release|Any CPU.Build.0 = Release|Any CPU
		{5BF0A713-C15D-4CCB-A56B-385C657A184E}.Debug|Any CPU.ActiveCfg = Debug|Any CPU
		{5BF0A713-C15D-4CCB-A56B-385C657A184E}.Debug|Any CPU.Build.0 = Debug|Any CPU
		{5BF0A713-C15D-4CCB-A56B-385C657A184E}.Release|Any CPU.ActiveCfg = Release|Any CPU
		{5BF0A713-C15D-4CCB-A56B-385C657A184E}.Release|Any CPU.Build.0 = Release|Any CPU
	EndGlobalSection
	GlobalSection(SolutionProperties) = preSolution
		HideSolutionNode = FALSE
	EndGlobalSection
	GlobalSection(ExtensibilityGlobals) = postSolution
		SolutionGuid = {3136DE2D-638F-4656-9F5A-D7E777567301}
	EndGlobalSection
EndGlobal
